// !$*UTF8*$!
{
	archiveVersion = 1;
	classes = {
	};
	objectVersion = 46;
	objects = {

/* Begin PBXBuildFile section */
		B869FDA73A947BF1A1463778 /* Pods_Word_List.framework in Frameworks */ = {isa = PBXBuildFile; fileRef = 0B32C2591EBBD7DA47FC7A60 /* Pods_Word_List.framework */; };
		F42626C01F306687005EF6F0 /* AppDelegate.swift in Sources */ = {isa = PBXBuildFile; fileRef = F42626BF1F306687005EF6F0 /* AppDelegate.swift */; };
		F42626C51F306687005EF6F0 /* Main.storyboard in Resources */ = {isa = PBXBuildFile; fileRef = F42626C31F306687005EF6F0 /* Main.storyboard */; };
		F42626C71F306687005EF6F0 /* Assets.xcassets in Resources */ = {isa = PBXBuildFile; fileRef = F42626C61F306687005EF6F0 /* Assets.xcassets */; };
		F42626CA1F306687005EF6F0 /* LaunchScreen.storyboard in Resources */ = {isa = PBXBuildFile; fileRef = F42626C81F306687005EF6F0 /* LaunchScreen.storyboard */; };
		F42627011F31F895005EF6F0 /* Word List.xcdatamodeld in Sources */ = {isa = PBXBuildFile; fileRef = F42626FF1F31F895005EF6F0 /* Word List.xcdatamodeld */; };
		F42627051F3286D7005EF6F0 /* ReadingViewController.swift in Sources */ = {isa = PBXBuildFile; fileRef = F42627041F3286D7005EF6F0 /* ReadingViewController.swift */; };
		F42627071F3287DC005EF6F0 /* CoreDataHelper.swift in Sources */ = {isa = PBXBuildFile; fileRef = F42627061F3287DC005EF6F0 /* CoreDataHelper.swift */; };
		F426270B1F328D2C005EF6F0 /* ReadingTableViewController.swift in Sources */ = {isa = PBXBuildFile; fileRef = F426270A1F328D2C005EF6F0 /* ReadingTableViewController.swift */; };
		F426270D1F328D4B005EF6F0 /* WritingTableViewController.swift in Sources */ = {isa = PBXBuildFile; fileRef = F426270C1F328D4B005EF6F0 /* WritingTableViewController.swift */; };
		F426270F1F328F1B005EF6F0 /* ReadingTableViewCell.swift in Sources */ = {isa = PBXBuildFile; fileRef = F426270E1F328F1B005EF6F0 /* ReadingTableViewCell.swift */; };
		F42627111F328F34005EF6F0 /* WritingTableViewCell.swift in Sources */ = {isa = PBXBuildFile; fileRef = F42627101F328F34005EF6F0 /* WritingTableViewCell.swift */; };
		F42627131F32913F005EF6F0 /* WritingViewController.swift in Sources */ = {isa = PBXBuildFile; fileRef = F42627121F32913F005EF6F0 /* WritingViewController.swift */; };
		F42627151F3294DF005EF6F0 /* WordListViewController.swift in Sources */ = {isa = PBXBuildFile; fileRef = F42627141F3294DF005EF6F0 /* WordListViewController.swift */; };
		F42627171F32A688005EF6F0 /* Date+convertToString.swift in Sources */ = {isa = PBXBuildFile; fileRef = F42627161F32A688005EF6F0 /* Date+convertToString.swift */; };
		F42627191F331632005EF6F0 /* GoogleService-Info.plist in Resources */ = {isa = PBXBuildFile; fileRef = F42627181F331632005EF6F0 /* GoogleService-Info.plist */; };
		F426271B1F3317BE005EF6F0 /* FirebaseHelper.swift in Sources */ = {isa = PBXBuildFile; fileRef = F426271A1F3317BE005EF6F0 /* FirebaseHelper.swift */; };
		F426271D1F33D95C005EF6F0 /* ReadingWord.swift in Sources */ = {isa = PBXBuildFile; fileRef = F426271C1F33D95C005EF6F0 /* ReadingWord.swift */; };
		F426271F1F33DA4A005EF6F0 /* WritingWord.swift in Sources */ = {isa = PBXBuildFile; fileRef = F426271E1F33DA4A005EF6F0 /* WritingWord.swift */; };
/* End PBXBuildFile section */

/* Begin PBXFileReference section */
		0B32C2591EBBD7DA47FC7A60 /* Pods_Word_List.framework */ = {isa = PBXFileReference; explicitFileType = wrapper.framework; includeInIndex = 0; path = Pods_Word_List.framework; sourceTree = BUILT_PRODUCTS_DIR; };
		571BDCE71053AB66A50756EA /* Pods-Word List.release.xcconfig */ = {isa = PBXFileReference; includeInIndex = 1; lastKnownFileType = text.xcconfig; name = "Pods-Word List.release.xcconfig"; path = "Pods/Target Support Files/Pods-Word List/Pods-Word List.release.xcconfig"; sourceTree = "<group>"; };
		E39CA09D0A644F0AB34CF084 /* Pods-Word List.debug.xcconfig */ = {isa = PBXFileReference; includeInIndex = 1; lastKnownFileType = text.xcconfig; name = "Pods-Word List.debug.xcconfig"; path = "Pods/Target Support Files/Pods-Word List/Pods-Word List.debug.xcconfig"; sourceTree = "<group>"; };
		F42626BC1F306687005EF6F0 /* Word List.app */ = {isa = PBXFileReference; explicitFileType = wrapper.application; includeInIndex = 0; path = "Word List.app"; sourceTree = BUILT_PRODUCTS_DIR; };
		F42626BF1F306687005EF6F0 /* AppDelegate.swift */ = {isa = PBXFileReference; lastKnownFileType = sourcecode.swift; path = AppDelegate.swift; sourceTree = "<group>"; };
		F42626C41F306687005EF6F0 /* Base */ = {isa = PBXFileReference; lastKnownFileType = file.storyboard; name = Base; path = Base.lproj/Main.storyboard; sourceTree = "<group>"; };
		F42626C61F306687005EF6F0 /* Assets.xcassets */ = {isa = PBXFileReference; lastKnownFileType = folder.assetcatalog; path = Assets.xcassets; sourceTree = "<group>"; };
		F42626C91F306687005EF6F0 /* Base */ = {isa = PBXFileReference; lastKnownFileType = file.storyboard; name = Base; path = Base.lproj/LaunchScreen.storyboard; sourceTree = "<group>"; };
		F42626CB1F306687005EF6F0 /* Info.plist */ = {isa = PBXFileReference; lastKnownFileType = text.plist.xml; path = Info.plist; sourceTree = "<group>"; };
		F42627001F31F895005EF6F0 /* Word List.xcdatamodel */ = {isa = PBXFileReference; lastKnownFileType = wrapper.xcdatamodel; path = "Word List.xcdatamodel"; sourceTree = "<group>"; };
		F42627041F3286D7005EF6F0 /* ReadingViewController.swift */ = {isa = PBXFileReference; fileEncoding = 4; lastKnownFileType = sourcecode.swift; path = ReadingViewController.swift; sourceTree = "<group>"; };
		F42627061F3287DC005EF6F0 /* CoreDataHelper.swift */ = {isa = PBXFileReference; fileEncoding = 4; lastKnownFileType = sourcecode.swift; path = CoreDataHelper.swift; sourceTree = "<group>"; };
		F426270A1F328D2C005EF6F0 /* ReadingTableViewController.swift */ = {isa = PBXFileReference; fileEncoding = 4; lastKnownFileType = sourcecode.swift; path = ReadingTableViewController.swift; sourceTree = "<group>"; };
		F426270C1F328D4B005EF6F0 /* WritingTableViewController.swift */ = {isa = PBXFileReference; fileEncoding = 4; lastKnownFileType = sourcecode.swift; path = WritingTableViewController.swift; sourceTree = "<group>"; };
		F426270E1F328F1B005EF6F0 /* ReadingTableViewCell.swift */ = {isa = PBXFileReference; fileEncoding = 4; lastKnownFileType = sourcecode.swift; path = ReadingTableViewCell.swift; sourceTree = "<group>"; };
		F42627101F328F34005EF6F0 /* WritingTableViewCell.swift */ = {isa = PBXFileReference; fileEncoding = 4; lastKnownFileType = sourcecode.swift; path = WritingTableViewCell.swift; sourceTree = "<group>"; };
		F42627121F32913F005EF6F0 /* WritingViewController.swift */ = {isa = PBXFileReference; fileEncoding = 4; lastKnownFileType = sourcecode.swift; path = WritingViewController.swift; sourceTree = "<group>"; };
		F42627141F3294DF005EF6F0 /* WordListViewController.swift */ = {isa = PBXFileReference; fileEncoding = 4; lastKnownFileType = sourcecode.swift; path = WordListViewController.swift; sourceTree = "<group>"; };
		F42627161F32A688005EF6F0 /* Date+convertToString.swift */ = {isa = PBXFileReference; fileEncoding = 4; lastKnownFileType = sourcecode.swift; path = "Date+convertToString.swift"; sourceTree = "<group>"; };
		F42627181F331632005EF6F0 /* GoogleService-Info.plist */ = {isa = PBXFileReference; fileEncoding = 4; lastKnownFileType = text.plist.xml; path = "GoogleService-Info.plist"; sourceTree = "<group>"; };
		F426271A1F3317BE005EF6F0 /* FirebaseHelper.swift */ = {isa = PBXFileReference; fileEncoding = 4; lastKnownFileType = sourcecode.swift; path = FirebaseHelper.swift; sourceTree = "<group>"; };
		F426271C1F33D95C005EF6F0 /* ReadingWord.swift */ = {isa = PBXFileReference; fileEncoding = 4; lastKnownFileType = sourcecode.swift; path = ReadingWord.swift; sourceTree = "<group>"; };
		F426271E1F33DA4A005EF6F0 /* WritingWord.swift */ = {isa = PBXFileReference; fileEncoding = 4; lastKnownFileType = sourcecode.swift; path = WritingWord.swift; sourceTree = "<group>"; };
/* End PBXFileReference section */

/* Begin PBXFrameworksBuildPhase section */
		F42626B91F306687005EF6F0 /* Frameworks */ = {
			isa = PBXFrameworksBuildPhase;
			buildActionMask = 2147483647;
			files = (
				B869FDA73A947BF1A1463778 /* Pods_Word_List.framework in Frameworks */,
			);
			runOnlyForDeploymentPostprocessing = 0;
		};
/* End PBXFrameworksBuildPhase section */

/* Begin PBXGroup section */
		3CC865E7CEE6BBD3A4014A15 /* Frameworks */ = {
			isa = PBXGroup;
			children = (
				0B32C2591EBBD7DA47FC7A60 /* Pods_Word_List.framework */,
			);
			name = Frameworks;
			sourceTree = "<group>";
		};
		CA6294BCBDE65621E7496DBA /* Pods */ = {
			isa = PBXGroup;
			children = (
				E39CA09D0A644F0AB34CF084 /* Pods-Word List.debug.xcconfig */,
				571BDCE71053AB66A50756EA /* Pods-Word List.release.xcconfig */,
			);
			name = Pods;
			sourceTree = "<group>";
		};
		F42626B31F306687005EF6F0 = {
			isa = PBXGroup;
			children = (
				F42626BE1F306687005EF6F0 /* Word List */,
				F42626BD1F306687005EF6F0 /* Products */,
				CA6294BCBDE65621E7496DBA /* Pods */,
				3CC865E7CEE6BBD3A4014A15 /* Frameworks */,
			);
			sourceTree = "<group>";
		};
		F42626BD1F306687005EF6F0 /* Products */ = {
			isa = PBXGroup;
			children = (
				F42626BC1F306687005EF6F0 /* Word List.app */,
			);
			name = Products;
			sourceTree = "<group>";
		};
		F42626BE1F306687005EF6F0 /* Word List */ = {
			isa = PBXGroup;
			children = (
				F42626FC1F31F6A5005EF6F0 /* Views */,
				F42626FE1F31F739005EF6F0 /* Extensions */,
				F42626FD1F31F6BA005EF6F0 /* Controllers */,
				F42626F91F31F62E005EF6F0 /* Helpers */,
				F42626F81F31F5E1005EF6F0 /* Models */,
			);
			path = "Word List";
			sourceTree = "<group>";
		};
		F42626F81F31F5E1005EF6F0 /* Models */ = {
			isa = PBXGroup;
			children = (
				F42626BF1F306687005EF6F0 /* AppDelegate.swift */,
				F42626C61F306687005EF6F0 /* Assets.xcassets */,
				F42626C31F306687005EF6F0 /* Main.storyboard */,
				F42626C81F306687005EF6F0 /* LaunchScreen.storyboard */,
				F42627181F331632005EF6F0 /* GoogleService-Info.plist */,
				F42626CB1F306687005EF6F0 /* Info.plist */,
				F42626FF1F31F895005EF6F0 /* Word List.xcdatamodeld */,
				F426271C1F33D95C005EF6F0 /* ReadingWord.swift */,
				F426271E1F33DA4A005EF6F0 /* WritingWord.swift */,
			);
			name = Models;
			sourceTree = "<group>";
		};
		F42626F91F31F62E005EF6F0 /* Helpers */ = {
			isa = PBXGroup;
			children = (
				F42627061F3287DC005EF6F0 /* CoreDataHelper.swift */,
				F426271A1F3317BE005EF6F0 /* FirebaseHelper.swift */,
			);
			name = Helpers;
			sourceTree = "<group>";
		};
		F42626FC1F31F6A5005EF6F0 /* Views */ = {
			isa = PBXGroup;
			children = (
				F426270E1F328F1B005EF6F0 /* ReadingTableViewCell.swift */,
				F42627101F328F34005EF6F0 /* WritingTableViewCell.swift */,
			);
			name = Views;
			sourceTree = "<group>";
		};
		F42626FD1F31F6BA005EF6F0 /* Controllers */ = {
			isa = PBXGroup;
			children = (
				F42627041F3286D7005EF6F0 /* ReadingViewController.swift */,
				F426270A1F328D2C005EF6F0 /* ReadingTableViewController.swift */,
				F426270C1F328D4B005EF6F0 /* WritingTableViewController.swift */,
				F42627121F32913F005EF6F0 /* WritingViewController.swift */,
				F42627141F3294DF005EF6F0 /* WordListViewController.swift */,
			);
			name = Controllers;
			sourceTree = "<group>";
		};
		F42626FE1F31F739005EF6F0 /* Extensions */ = {
			isa = PBXGroup;
			children = (
				F42627161F32A688005EF6F0 /* Date+convertToString.swift */,
			);
			name = Extensions;
			sourceTree = "<group>";
		};
/* End PBXGroup section */

/* Begin PBXNativeTarget section */
		F42626BB1F306687005EF6F0 /* Word List */ = {
			isa = PBXNativeTarget;
			buildConfigurationList = F42626CE1F306687005EF6F0 /* Build configuration list for PBXNativeTarget "Word List" */;
			buildPhases = (
				79054BC06BEABAA16B6FE0B8 /* [CP] Check Pods Manifest.lock */,
				F42626B81F306687005EF6F0 /* Sources */,
				F42626B91F306687005EF6F0 /* Frameworks */,
				F42626BA1F306687005EF6F0 /* Resources */,
				B65C30B919868A9A059F31E8 /* [CP] Embed Pods Frameworks */,
				05A9BBE955000E8EB9984B92 /* [CP] Copy Pods Resources */,
			);
			buildRules = (
			);
			dependencies = (
			);
			name = "Word List";
			productName = "Word List";
			productReference = F42626BC1F306687005EF6F0 /* Word List.app */;
			productType = "com.apple.product-type.application";
		};
/* End PBXNativeTarget section */

/* Begin PBXProject section */
		F42626B41F306687005EF6F0 /* Project object */ = {
			isa = PBXProject;
			attributes = {
				LastSwiftUpdateCheck = 0830;
				LastUpgradeCheck = 0830;
				ORGANIZATIONNAME = "make school";
				TargetAttributes = {
					F42626BB1F306687005EF6F0 = {
						CreatedOnToolsVersion = 8.3.3;
						DevelopmentTeam = D2MYM7T4AW;
						ProvisioningStyle = Automatic;
					};
				};
			};
			buildConfigurationList = F42626B71F306687005EF6F0 /* Build configuration list for PBXProject "Word List" */;
			compatibilityVersion = "Xcode 3.2";
			developmentRegion = English;
			hasScannedForEncodings = 0;
			knownRegions = (
				en,
				Base,
			);
			mainGroup = F42626B31F306687005EF6F0;
			productRefGroup = F42626BD1F306687005EF6F0 /* Products */;
			projectDirPath = "";
			projectRoot = "";
			targets = (
				F42626BB1F306687005EF6F0 /* Word List */,
			);
		};
/* End PBXProject section */

/* Begin PBXResourcesBuildPhase section */
		F42626BA1F306687005EF6F0 /* Resources */ = {
			isa = PBXResourcesBuildPhase;
			buildActionMask = 2147483647;
			files = (
				F42626CA1F306687005EF6F0 /* LaunchScreen.storyboard in Resources */,
				F42626C71F306687005EF6F0 /* Assets.xcassets in Resources */,
				F42627191F331632005EF6F0 /* GoogleService-Info.plist in Resources */,
				F42626C51F306687005EF6F0 /* Main.storyboard in Resources */,
			);
			runOnlyForDeploymentPostprocessing = 0;
		};
/* End PBXResourcesBuildPhase section */

/* Begin PBXShellScriptBuildPhase section */
		05A9BBE955000E8EB9984B92 /* [CP] Copy Pods Resources */ = {
			isa = PBXShellScriptBuildPhase;
			buildActionMask = 2147483647;
			files = (
			);
			inputPaths = (
			);
			name = "[CP] Copy Pods Resources";
			outputPaths = (
			);
			runOnlyForDeploymentPostprocessing = 0;
			shellPath = /bin/sh;
			shellScript = "\"${SRCROOT}/Pods/Target Support Files/Pods-Word List/Pods-Word List-resources.sh\"\n";
			showEnvVarsInLog = 0;
		};
		79054BC06BEABAA16B6FE0B8 /* [CP] Check Pods Manifest.lock */ = {
			isa = PBXShellScriptBuildPhase;
			buildActionMask = 2147483647;
			files = (
			);
			inputPaths = (
			);
			name = "[CP] Check Pods Manifest.lock";
			outputPaths = (
			);
			runOnlyForDeploymentPostprocessing = 0;
			shellPath = /bin/sh;
			shellScript = "diff \"${PODS_PODFILE_DIR_PATH}/Podfile.lock\" \"${PODS_ROOT}/Manifest.lock\" > /dev/null\nif [ $? != 0 ] ; then\n    # print error to STDERR\n    echo \"error: The sandbox is not in sync with the Podfile.lock. Run 'pod install' or update your CocoaPods installation.\" >&2\n    exit 1\nfi\n";
			showEnvVarsInLog = 0;
		};
		B65C30B919868A9A059F31E8 /* [CP] Embed Pods Frameworks */ = {
			isa = PBXShellScriptBuildPhase;
			buildActionMask = 2147483647;
			files = (
			);
			inputPaths = (
			);
			name = "[CP] Embed Pods Frameworks";
			outputPaths = (
			);
			runOnlyForDeploymentPostprocessing = 0;
			shellPath = /bin/sh;
			shellScript = "\"${SRCROOT}/Pods/Target Support Files/Pods-Word List/Pods-Word List-frameworks.sh\"\n";
			showEnvVarsInLog = 0;
		};
/* End PBXShellScriptBuildPhase section */

/* Begin PBXSourcesBuildPhase section */
		F42626B81F306687005EF6F0 /* Sources */ = {
			isa = PBXSourcesBuildPhase;
			buildActionMask = 2147483647;
			files = (
				F426271F1F33DA4A005EF6F0 /* WritingWord.swift in Sources */,
				F42627151F3294DF005EF6F0 /* WordListViewController.swift in Sources */,
				F42627071F3287DC005EF6F0 /* CoreDataHelper.swift in Sources */,
				F426270B1F328D2C005EF6F0 /* ReadingTableViewController.swift in Sources */,
				F426270F1F328F1B005EF6F0 /* ReadingTableViewCell.swift in Sources */,
				F426271B1F3317BE005EF6F0 /* FirebaseHelper.swift in Sources */,
				F42627111F328F34005EF6F0 /* WritingTableViewCell.swift in Sources */,
				F426271D1F33D95C005EF6F0 /* ReadingWord.swift in Sources */,
				F426270D1F328D4B005EF6F0 /* WritingTableViewController.swift in Sources */,
				F42627011F31F895005EF6F0 /* Word List.xcdatamodeld in Sources */,
				F42627051F3286D7005EF6F0 /* ReadingViewController.swift in Sources */,
				F42627131F32913F005EF6F0 /* WritingViewController.swift in Sources */,
				F42626C01F306687005EF6F0 /* AppDelegate.swift in Sources */,
				F42627171F32A688005EF6F0 /* Date+convertToString.swift in Sources */,
			);
			runOnlyForDeploymentPostprocessing = 0;
		};
/* End PBXSourcesBuildPhase section */

/* Begin PBXVariantGroup section */
		F42626C31F306687005EF6F0 /* Main.storyboard */ = {
			isa = PBXVariantGroup;
			children = (
				F42626C41F306687005EF6F0 /* Base */,
			);
			name = Main.storyboard;
			sourceTree = "<group>";
		};
		F42626C81F306687005EF6F0 /* LaunchScreen.storyboard */ = {
			isa = PBXVariantGroup;
			children = (
				F42626C91F306687005EF6F0 /* Base */,
			);
			name = LaunchScreen.storyboard;
			sourceTree = "<group>";
		};
/* End PBXVariantGroup section */

/* Begin XCBuildConfiguration section */
		F42626CC1F306687005EF6F0 /* Debug */ = {
			isa = XCBuildConfiguration;
			buildSettings = {
				ALWAYS_SEARCH_USER_PATHS = NO;
				CLANG_ANALYZER_NONNULL = YES;
				CLANG_ANALYZER_NUMBER_OBJECT_CONVERSION = YES_AGGRESSIVE;
				CLANG_CXX_LANGUAGE_STANDARD = "gnu++0x";
				CLANG_CXX_LIBRARY = "libc++";
				CLANG_ENABLE_MODULES = YES;
				CLANG_ENABLE_OBJC_ARC = YES;
				CLANG_WARN_BOOL_CONVERSION = YES;
				CLANG_WARN_CONSTANT_CONVERSION = YES;
				CLANG_WARN_DIRECT_OBJC_ISA_USAGE = YES_ERROR;
				CLANG_WARN_DOCUMENTATION_COMMENTS = YES;
				CLANG_WARN_EMPTY_BODY = YES;
				CLANG_WARN_ENUM_CONVERSION = YES;
				CLANG_WARN_INFINITE_RECURSION = YES;
				CLANG_WARN_INT_CONVERSION = YES;
				CLANG_WARN_OBJC_ROOT_CLASS = YES_ERROR;
				CLANG_WARN_SUSPICIOUS_MOVE = YES;
				CLANG_WARN_UNREACHABLE_CODE = YES;
				CLANG_WARN__DUPLICATE_METHOD_MATCH = YES;
				"CODE_SIGN_IDENTITY[sdk=iphoneos*]" = "iPhone Developer";
				COPY_PHASE_STRIP = NO;
				DEBUG_INFORMATION_FORMAT = dwarf;
				ENABLE_STRICT_OBJC_MSGSEND = YES;
				ENABLE_TESTABILITY = YES;
				GCC_C_LANGUAGE_STANDARD = gnu99;
				GCC_DYNAMIC_NO_PIC = NO;
				GCC_NO_COMMON_BLOCKS = YES;
				GCC_OPTIMIZATION_LEVEL = 0;
				GCC_PREPROCESSOR_DEFINITIONS = (
					"DEBUG=1",
					"$(inherited)",
				);
				GCC_WARN_64_TO_32_BIT_CONVERSION = YES;
				GCC_WARN_ABOUT_RETURN_TYPE = YES_ERROR;
				GCC_WARN_UNDECLARED_SELECTOR = YES;
				GCC_WARN_UNINITIALIZED_AUTOS = YES_AGGRESSIVE;
				GCC_WARN_UNUSED_FUNCTION = YES;
				GCC_WARN_UNUSED_VARIABLE = YES;
				IPHONEOS_DEPLOYMENT_TARGET = 10.3;
				MTL_ENABLE_DEBUG_INFO = YES;
				ONLY_ACTIVE_ARCH = YES;
				SDKROOT = iphoneos;
				SWIFT_ACTIVE_COMPILATION_CONDITIONS = DEBUG;
				SWIFT_OPTIMIZATION_LEVEL = "-Onone";
			};
			name = Debug;
		};
		F42626CD1F306687005EF6F0 /* Release */ = {
			isa = XCBuildConfiguration;
			buildSettings = {
				ALWAYS_SEARCH_USER_PATHS = NO;
				CLANG_ANALYZER_NONNULL = YES;
				CLANG_ANALYZER_NUMBER_OBJECT_CONVERSION = YES_AGGRESSIVE;
				CLANG_CXX_LANGUAGE_STANDARD = "gnu++0x";
				CLANG_CXX_LIBRARY = "libc++";
				CLANG_ENABLE_MODULES = YES;
				CLANG_ENABLE_OBJC_ARC = YES;
				CLANG_WARN_BOOL_CONVERSION = YES;
				CLANG_WARN_CONSTANT_CONVERSION = YES;
				CLANG_WARN_DIRECT_OBJC_ISA_USAGE = YES_ERROR;
				CLANG_WARN_DOCUMENTATION_COMMENTS = YES;
				CLANG_WARN_EMPTY_BODY = YES;
				CLANG_WARN_ENUM_CONVERSION = YES;
				CLANG_WARN_INFINITE_RECURSION = YES;
				CLANG_WARN_INT_CONVERSION = YES;
				CLANG_WARN_OBJC_ROOT_CLASS = YES_ERROR;
				CLANG_WARN_SUSPICIOUS_MOVE = YES;
				CLANG_WARN_UNREACHABLE_CODE = YES;
				CLANG_WARN__DUPLICATE_METHOD_MATCH = YES;
				"CODE_SIGN_IDENTITY[sdk=iphoneos*]" = "iPhone Developer";
				COPY_PHASE_STRIP = NO;
				DEBUG_INFORMATION_FORMAT = "dwarf-with-dsym";
				ENABLE_NS_ASSERTIONS = NO;
				ENABLE_STRICT_OBJC_MSGSEND = YES;
				GCC_C_LANGUAGE_STANDARD = gnu99;
				GCC_NO_COMMON_BLOCKS = YES;
				GCC_WARN_64_TO_32_BIT_CONVERSION = YES;
				GCC_WARN_ABOUT_RETURN_TYPE = YES_ERROR;
				GCC_WARN_UNDECLARED_SELECTOR = YES;
				GCC_WARN_UNINITIALIZED_AUTOS = YES_AGGRESSIVE;
				GCC_WARN_UNUSED_FUNCTION = YES;
				GCC_WARN_UNUSED_VARIABLE = YES;
				IPHONEOS_DEPLOYMENT_TARGET = 10.3;
				MTL_ENABLE_DEBUG_INFO = NO;
				SDKROOT = iphoneos;
				SWIFT_OPTIMIZATION_LEVEL = "-Owholemodule";
				VALIDATE_PRODUCT = YES;
			};
			name = Release;
		};
		F42626CF1F306687005EF6F0 /* Debug */ = {
			isa = XCBuildConfiguration;
			baseConfigurationReference = E39CA09D0A644F0AB34CF084 /* Pods-Word List.debug.xcconfig */;
			buildSettings = {
				ASSETCATALOG_COMPILER_APPICON_NAME = AppIcon;
				DEVELOPMENT_TEAM = D2MYM7T4AW;
				INFOPLIST_FILE = "Word List/Info.plist";
				LD_RUNPATH_SEARCH_PATHS = "$(inherited) @executable_path/Frameworks";
				PRODUCT_BUNDLE_IDENTIFIER = "com.caozhijun.Word-List";
				PRODUCT_NAME = "$(TARGET_NAME)";
				SWIFT_VERSION = 3.0;
			};
			name = Debug;
		};
		F42626D01F306687005EF6F0 /* Release */ = {
			isa = XCBuildConfiguration;
			baseConfigurationReference = 571BDCE71053AB66A50756EA /* Pods-Word List.release.xcconfig */;
			buildSettings = {
				ASSETCATALOG_COMPILER_APPICON_NAME = AppIcon;
				DEVELOPMENT_TEAM = D2MYM7T4AW;
				INFOPLIST_FILE = "Word List/Info.plist";
				LD_RUNPATH_SEARCH_PATHS = "$(inherited) @executable_path/Frameworks";
				PRODUCT_BUNDLE_IDENTIFIER = "com.caozhijun.Word-List";
				PRODUCT_NAME = "$(TARGET_NAME)";
				SWIFT_VERSION = 3.0;
			};
			name = Release;
		};
/* End XCBuildConfiguration section */

/* Begin XCConfigurationList section */
		F42626B71F306687005EF6F0 /* Build configuration list for PBXProject "Word List" */ = {
			isa = XCConfigurationList;
			buildConfigurations = (
				F42626CC1F306687005EF6F0 /* Debug */,
				F42626CD1F306687005EF6F0 /* Release */,
			);
			defaultConfigurationIsVisible = 0;
			defaultConfigurationName = Release;
		};
		F42626CE1F306687005EF6F0 /* Build configuration list for PBXNativeTarget "Word List" */ = {
			isa = XCConfigurationList;
			buildConfigurations = (
				F42626CF1F306687005EF6F0 /* Debug */,
				F42626D01F306687005EF6F0 /* Release */,
			);
			defaultConfigurationIsVisible = 0;
			defaultConfigurationName = Release;
		};
/* End XCConfigurationList section */

/* Begin XCVersionGroup section */
		F42626FF1F31F895005EF6F0 /* Word List.xcdatamodeld */ = {
			isa = XCVersionGroup;
			children = (
				F42627001F31F895005EF6F0 /* Word List.xcdatamodel */,
			);
			currentVersion = F42627001F31F895005EF6F0 /* Word List.xcdatamodel */;
			path = "Word List.xcdatamodeld";
			sourceTree = "<group>";
			versionGroupType = wrapper.xcdatamodel;
		};
/* End XCVersionGroup section */
	};
	rootObject = F42626B41F306687005EF6F0 /* Project object */;
}
